
Microsoft Visual Studio Solution File, Format Version 12.00
# Visual Studio Version 16
VisualStudioVersion = 16.0.30320.27
MinimumVisualStudioVersion = 10.0.40219.1
Project("{8BC9CEB8-8B4A-11D0-8D11-00A0C91BC942}") = "PBJ_Sandwich", "PBJ_Sandwich\PBJ_Sandwich.vcxproj", "{BD2B222F-FD9F-4417-8712-8948801DFE2E}"
EndProject
Global
	GlobalSection(SolutionConfigurationPlatforms) = preSolution
		Debug|x64 = Debug|x64
		Debug|x86 = Debug|x86
		Release|x64 = Release|x64
		Release|x86 = Release|x86
	EndGlobalSection
	GlobalSection(ProjectConfigurationPlatforms) = postSolution
		{BD2B222F-FD9F-4417-8712-8948801DFE2E}.Debug|x64.ActiveCfg = Debug|x64
		{BD2B222F-FD9F-4417-8712-8948801DFE2E}.Debug|x64.Build.0 = Debug|x64
		{BD2B222F-FD9F-4417-8712-8948801DFE2E}.Debug|x86.ActiveCfg = Debug|Win32
		{BD2B222F-FD9F-4417-8712-8948801DFE2E}.Debug|x86.Build.0 = Debug|Win32
		{BD2B222F-FD9F-4417-8712-8948801DFE2E}.Release|x64.ActiveCfg = Release|x64
		{BD2B222F-FD9F-4417-8712-8948801DFE2E}.Release|x64.Build.0 = Release|x64
		{BD2B222F-FD9F-4417-8712-8948801DFE2E}.Release|x86.ActiveCfg = Release|Win32
		{BD2B222F-FD9F-4417-8712-8948801DFE2E}.Release|x86.Build.0 = Release|Win32
	EndGlobalSection
	GlobalSection(SolutionProperties) = preSolution
		HideSolutionNode = FALSE
	EndGlobalSection
	GlobalSection(ExtensibilityGlobals) = postSolution
		SolutionGuid = {89B557DE-E08C-484B-9862-5AA2A0CAC379}
	EndGlobalSection
EndGlobal
